
Microsoft Visual Studio Solution File, Format Version 12.00
# Visual Studio 15
VisualStudioVersion = 15.0.28307.539
MinimumVisualStudioVersion = 10.0.40219.1
Project("{9A19103F-16F7-4668-BE54-9A1E7A4F7556}") = "PKPDF", "PKPDF\PKPDF.csproj", "{D2449BEC-FCE3-462D-A73B-4CAFF553679F}"
EndProject
Project("{FAE04EC0-301F-11D3-BF4B-00C04F79EFBC}") = "PKPDFTester", "PKPDFTester\PKPDFTester.csproj", "{A5B53663-9B51-4A3E-BC87-BFA829FE6911}"
EndProject
Global
	GlobalSection(SolutionConfigurationPlatforms) = preSolution
		Debug|Any CPU = Debug|Any CPU
		Release|Any CPU = Release|Any CPU
	EndGlobalSection
	GlobalSection(ProjectConfigurationPlatforms) = postSolution
		{D2449BEC-FCE3-462D-A73B-4CAFF553679F}.Debug|Any CPU.ActiveCfg = Debug|Any CPU
		{D2449BEC-FCE3-462D-A73B-4CAFF553679F}.Debug|Any CPU.Build.0 = Debug|Any CPU
		{D2449BEC-FCE3-462D-A73B-4CAFF553679F}.Release|Any CPU.ActiveCfg = Release|Any CPU
		{D2449BEC-FCE3-462D-A73B-4CAFF553679F}.Release|Any CPU.Build.0 = Release|Any CPU
		{A5B53663-9B51-4A3E-BC87-BFA829FE6911}.Debug|Any CPU.ActiveCfg = Debug|Any CPU
		{A5B53663-9B51-4A3E-BC87-BFA829FE6911}.Debug|Any CPU.Build.0 = Debug|Any CPU
		{A5B53663-9B51-4A3E-BC87-BFA829FE6911}.Release|Any CPU.ActiveCfg = Release|Any CPU
		{A5B53663-9B51-4A3E-BC87-BFA829FE6911}.Release|Any CPU.Build.0 = Release|Any CPU
	EndGlobalSection
	GlobalSection(SolutionProperties) = preSolution
		HideSolutionNode = FALSE
	EndGlobalSection
	GlobalSection(ExtensibilityGlobals) = postSolution
		SolutionGuid = {256A7929-4A23-4E22-B37D-747625787016}
	EndGlobalSection
EndGlobal
